
Microsoft Visual Studio Solution File, Format Version 12.00
# Visual Studio 2013
VisualStudioVersion = 12.0.31101.0
MinimumVisualStudioVersion = 10.0.40219.1
Project("{9092AA53-FB77-4645-B42D-1CCCA6BD08BD}") = "SpheroBackend", "SpheroBackend\SpheroBackend.njsproj", "{170C7B27-61BE-4D81-B3AE-867E3AFF591E}"
EndProject
Global
	GlobalSection(SolutionConfigurationPlatforms) = preSolution
		Debug|Any CPU = Debug|Any CPU
		Release|Any CPU = Release|Any CPU
	EndGlobalSection
	GlobalSection(ProjectConfigurationPlatforms) = postSolution
		{170C7B27-61BE-4D81-B3AE-867E3AFF591E}.Debug|Any CPU.ActiveCfg = Debug|Any CPU
		{170C7B27-61BE-4D81-B3AE-867E3AFF591E}.Debug|Any CPU.Build.0 = Debug|Any CPU
		{170C7B27-61BE-4D81-B3AE-867E3AFF591E}.Release|Any CPU.ActiveCfg = Release|Any CPU
		{170C7B27-61BE-4D81-B3AE-867E3AFF591E}.Release|Any CPU.Build.0 = Release|Any CPU
	EndGlobalSection
	GlobalSection(SolutionProperties) = preSolution
		HideSolutionNode = FALSE
	EndGlobalSection
EndGlobal
